
Microsoft Visual Studio Solution File, Format Version 12.00
# Visual Studio 2012
Project("{FAE04EC0-301F-11D3-BF4B-00C04F79EFBC}") = "ConsoleExampleTest", "ConsoleExampleTest\ConsoleExampleTest.csproj", "{B33327B6-6973-4643-AF4E-36C1E6E7DDA2}"
EndProject
Project("{FAE04EC0-301F-11D3-BF4B-00C04F79EFBC}") = "ConsoleExample", "ConsoleExample\ConsoleExample.csproj", "{C8FAE202-77CC-4363-BB2F-5DBF93B2B2A8}"
EndProject
Global
	GlobalSection(SolutionConfigurationPlatforms) = preSolution
		Debug|Any CPU = Debug|Any CPU
		Release|Any CPU = Release|Any CPU
	EndGlobalSection
	GlobalSection(ProjectConfigurationPlatforms) = postSolution
		{B33327B6-6973-4643-AF4E-36C1E6E7DDA2}.Debug|Any CPU.ActiveCfg = Debug|Any CPU
		{B33327B6-6973-4643-AF4E-36C1E6E7DDA2}.Debug|Any CPU.Build.0 = Debug|Any CPU
		{B33327B6-6973-4643-AF4E-36C1E6E7DDA2}.Release|Any CPU.ActiveCfg = Release|Any CPU
		{B33327B6-6973-4643-AF4E-36C1E6E7DDA2}.Release|Any CPU.Build.0 = Release|Any CPU
		{C8FAE202-77CC-4363-BB2F-5DBF93B2B2A8}.Debug|Any CPU.ActiveCfg = Debug|Any CPU
		{C8FAE202-77CC-4363-BB2F-5DBF93B2B2A8}.Debug|Any CPU.Build.0 = Debug|Any CPU
		{C8FAE202-77CC-4363-BB2F-5DBF93B2B2A8}.Release|Any CPU.ActiveCfg = Release|Any CPU
		{C8FAE202-77CC-4363-BB2F-5DBF93B2B2A8}.Release|Any CPU.Build.0 = Release|Any CPU
	EndGlobalSection
	GlobalSection(MonoDevelopProperties) = preSolution
		Policies = $0
		$0.DotNetNamingPolicy = $1
		$1.DirectoryNamespaceAssociation = None
		$1.ResourceNamePolicy = FileFormatDefault
		$0.VersionControlPolicy = $2
		$2.inheritsSet = Mono
	EndGlobalSection
EndGlobal
